
Microsoft Visual Studio Solution File, Format Version 12.00
# Visual Studio Version 17
VisualStudioVersion = 17.14.36203.30 d17.14
MinimumVisualStudioVersion = 10.0.40219.1
Project("{FAE04EC0-301F-11D3-BF4B-00C04F79EFBC}") = "TestWebApplicationNetCoreMVC", "TestWebApplicationNetCoreMVC.csproj", "{5C44DBB6-D11D-48E9-9EA3-9914ED903E7C}"
EndProject
Global
	GlobalSection(SolutionConfigurationPlatforms) = preSolution
		Debug|Any CPU = Debug|Any CPU
		Release|Any CPU = Release|Any CPU
	EndGlobalSection
	GlobalSection(ProjectConfigurationPlatforms) = postSolution
		{5C44DBB6-D11D-48E9-9EA3-9914ED903E7C}.Debug|Any CPU.ActiveCfg = Debug|Any CPU
		{5C44DBB6-D11D-48E9-9EA3-9914ED903E7C}.Debug|Any CPU.Build.0 = Debug|Any CPU
		{5C44DBB6-D11D-48E9-9EA3-9914ED903E7C}.Release|Any CPU.ActiveCfg = Release|Any CPU
		{5C44DBB6-D11D-48E9-9EA3-9914ED903E7C}.Release|Any CPU.Build.0 = Release|Any CPU
	EndGlobalSection
	GlobalSection(SolutionProperties) = preSolution
		HideSolutionNode = FALSE
	EndGlobalSection
	GlobalSection(ExtensibilityGlobals) = postSolution
		SolutionGuid = {8BA11DB5-7608-4959-924D-7CD88456AB80}
	EndGlobalSection
EndGlobal
